
Microsoft Visual Studio Solution File, Format Version 12.00
# Visual Studio Express 2013 for Web
VisualStudioVersion = 12.0.40629.0
MinimumVisualStudioVersion = 10.0.40219.1
Project("{FAE04EC0-301F-11D3-BF4B-00C04F79EFBC}") = "PapaBob.Web", "PapaBob.Web\PapaBob.Web.csproj", "{493D800F-2AFA-4B46-B540-3D8C169FA7A4}"
EndProject
Project("{FAE04EC0-301F-11D3-BF4B-00C04F79EFBC}") = "PapaBob.Persistance", "PapaBob.Persistance\PapaBob.Persistance.csproj", "{D0020953-ACDA-4C26-BD66-049C9BCC2ED4}"
EndProject
Project("{FAE04EC0-301F-11D3-BF4B-00C04F79EFBC}") = "PapaBob.Domain", "PapaBob.Domain\PapaBob.Domain.csproj", "{82E3FCFF-B483-4BE5-9DB4-3C13A4AEF1CA}"
EndProject
Project("{FAE04EC0-301F-11D3-BF4B-00C04F79EFBC}") = "PapaBob.DTO", "PapaBob.DTO\PapaBob.DTO.csproj", "{16EF9B1B-1DB6-4081-AC35-7190C8D4D44F}"
EndProject
Global
	GlobalSection(SolutionConfigurationPlatforms) = preSolution
		Debug|Any CPU = Debug|Any CPU
		Release|Any CPU = Release|Any CPU
	EndGlobalSection
	GlobalSection(ProjectConfigurationPlatforms) = postSolution
		{493D800F-2AFA-4B46-B540-3D8C169FA7A4}.Debug|Any CPU.ActiveCfg = Debug|Any CPU
		{493D800F-2AFA-4B46-B540-3D8C169FA7A4}.Debug|Any CPU.Build.0 = Debug|Any CPU
		{493D800F-2AFA-4B46-B540-3D8C169FA7A4}.Release|Any CPU.ActiveCfg = Release|Any CPU
		{493D800F-2AFA-4B46-B540-3D8C169FA7A4}.Release|Any CPU.Build.0 = Release|Any CPU
		{D0020953-ACDA-4C26-BD66-049C9BCC2ED4}.Debug|Any CPU.ActiveCfg = Debug|Any CPU
		{D0020953-ACDA-4C26-BD66-049C9BCC2ED4}.Debug|Any CPU.Build.0 = Debug|Any CPU
		{D0020953-ACDA-4C26-BD66-049C9BCC2ED4}.Release|Any CPU.ActiveCfg = Release|Any CPU
		{D0020953-ACDA-4C26-BD66-049C9BCC2ED4}.Release|Any CPU.Build.0 = Release|Any CPU
		{82E3FCFF-B483-4BE5-9DB4-3C13A4AEF1CA}.Debug|Any CPU.ActiveCfg = Debug|Any CPU
		{82E3FCFF-B483-4BE5-9DB4-3C13A4AEF1CA}.Debug|Any CPU.Build.0 = Debug|Any CPU
		{82E3FCFF-B483-4BE5-9DB4-3C13A4AEF1CA}.Release|Any CPU.ActiveCfg = Release|Any CPU
		{82E3FCFF-B483-4BE5-9DB4-3C13A4AEF1CA}.Release|Any CPU.Build.0 = Release|Any CPU
		{16EF9B1B-1DB6-4081-AC35-7190C8D4D44F}.Debug|Any CPU.ActiveCfg = Debug|Any CPU
		{16EF9B1B-1DB6-4081-AC35-7190C8D4D44F}.Debug|Any CPU.Build.0 = Debug|Any CPU
		{16EF9B1B-1DB6-4081-AC35-7190C8D4D44F}.Release|Any CPU.ActiveCfg = Release|Any CPU
		{16EF9B1B-1DB6-4081-AC35-7190C8D4D44F}.Release|Any CPU.Build.0 = Release|Any CPU
	EndGlobalSection
	GlobalSection(SolutionProperties) = preSolution
		HideSolutionNode = FALSE
	EndGlobalSection
EndGlobal
